
Microsoft Visual Studio Solution File, Format Version 12.00
# Visual Studio Version 17
VisualStudioVersion = 17.14.36518.9 d17.14
MinimumVisualStudioVersion = 10.0.40219.1
Project("{FAE04EC0-301F-11D3-BF4B-00C04F79EFBC}") = "TinyNote.Api", "TinyNote.Api\TinyNote.Api.csproj", "{6A2AB770-DEF5-40C9-960F-B0B5F3290126}"
EndProject
Project("{FAE04EC0-301F-11D3-BF4B-00C04F79EFBC}") = "TinyNote.Tests", "TinyNotes.Tests\TinyNote.Tests.csproj", "{4393E09B-61B7-4620-835A-CDC1EBA6AF74}"
EndProject
Global
	GlobalSection(SolutionConfigurationPlatforms) = preSolution
		Debug|Any CPU = Debug|Any CPU
		Release|Any CPU = Release|Any CPU
	EndGlobalSection
	GlobalSection(ProjectConfigurationPlatforms) = postSolution
		{6A2AB770-DEF5-40C9-960F-B0B5F3290126}.Debug|Any CPU.ActiveCfg = Debug|Any CPU
		{6A2AB770-DEF5-40C9-960F-B0B5F3290126}.Debug|Any CPU.Build.0 = Debug|Any CPU
		{6A2AB770-DEF5-40C9-960F-B0B5F3290126}.Release|Any CPU.ActiveCfg = Release|Any CPU
		{6A2AB770-DEF5-40C9-960F-B0B5F3290126}.Release|Any CPU.Build.0 = Release|Any CPU
		{4393E09B-61B7-4620-835A-CDC1EBA6AF74}.Debug|Any CPU.ActiveCfg = Debug|Any CPU
		{4393E09B-61B7-4620-835A-CDC1EBA6AF74}.Debug|Any CPU.Build.0 = Debug|Any CPU
		{4393E09B-61B7-4620-835A-CDC1EBA6AF74}.Release|Any CPU.ActiveCfg = Release|Any CPU
		{4393E09B-61B7-4620-835A-CDC1EBA6AF74}.Release|Any CPU.Build.0 = Release|Any CPU
	EndGlobalSection
	GlobalSection(SolutionProperties) = preSolution
		HideSolutionNode = FALSE
	EndGlobalSection
	GlobalSection(ExtensibilityGlobals) = postSolution
		SolutionGuid = {C84837B4-B01E-4510-B7F6-81461B232D87}
	EndGlobalSection
EndGlobal
